
Microsoft Visual Studio Solution File, Format Version 12.00
# Visual Studio Version 16
VisualStudioVersion = 16.0.33328.57
MinimumVisualStudioVersion = 10.0.40219.1
Project("{FAE04EC0-301F-11D3-BF4B-00C04F79EFBC}") = "ReizTech", "ReizTech\ReizTech.csproj", "{08BCEFA2-CA91-4888-9C45-89A2D9F8FBBA}"
EndProject
Global
	GlobalSection(SolutionConfigurationPlatforms) = preSolution
		Debug|Any CPU = Debug|Any CPU
		Release|Any CPU = Release|Any CPU
	EndGlobalSection
	GlobalSection(ProjectConfigurationPlatforms) = postSolution
		{08BCEFA2-CA91-4888-9C45-89A2D9F8FBBA}.Debug|Any CPU.ActiveCfg = Debug|Any CPU
		{08BCEFA2-CA91-4888-9C45-89A2D9F8FBBA}.Debug|Any CPU.Build.0 = Debug|Any CPU
		{08BCEFA2-CA91-4888-9C45-89A2D9F8FBBA}.Release|Any CPU.ActiveCfg = Release|Any CPU
		{08BCEFA2-CA91-4888-9C45-89A2D9F8FBBA}.Release|Any CPU.Build.0 = Release|Any CPU
	EndGlobalSection
	GlobalSection(SolutionProperties) = preSolution
		HideSolutionNode = FALSE
	EndGlobalSection
	GlobalSection(ExtensibilityGlobals) = postSolution
		SolutionGuid = {5457E75D-A059-4C6B-B5B3-AA1B6859D03A}
	EndGlobalSection
EndGlobal
